
Microsoft Visual Studio Solution File, Format Version 12.00
# Visual Studio 15
Project("{FAE04EC0-301F-11D3-BF4B-00C04F79EFBC}") = "API", "API\API.csproj", "{385EE250-6DCB-46E3-8DEE-2FB85BB5647F}"
EndProject
Project("{FAE04EC0-301F-11D3-BF4B-00C04F79EFBC}") = "Core", "Core\Core.csproj", "{83ACF0CD-5681-47A4-90A7-F357A6F0F6AD}"
EndProject
Global
	GlobalSection(SolutionConfigurationPlatforms) = preSolution
		Debug|Any CPU = Debug|Any CPU
		Release|Any CPU = Release|Any CPU
	EndGlobalSection
	GlobalSection(ProjectConfigurationPlatforms) = postSolution
		{385EE250-6DCB-46E3-8DEE-2FB85BB5647F}.Debug|Any CPU.ActiveCfg = Debug|Any CPU
		{385EE250-6DCB-46E3-8DEE-2FB85BB5647F}.Debug|Any CPU.Build.0 = Debug|Any CPU
		{385EE250-6DCB-46E3-8DEE-2FB85BB5647F}.Release|Any CPU.ActiveCfg = Release|Any CPU
		{385EE250-6DCB-46E3-8DEE-2FB85BB5647F}.Release|Any CPU.Build.0 = Release|Any CPU
		{83ACF0CD-5681-47A4-90A7-F357A6F0F6AD}.Debug|Any CPU.ActiveCfg = Debug|Any CPU
		{83ACF0CD-5681-47A4-90A7-F357A6F0F6AD}.Debug|Any CPU.Build.0 = Debug|Any CPU
		{83ACF0CD-5681-47A4-90A7-F357A6F0F6AD}.Release|Any CPU.ActiveCfg = Release|Any CPU
		{83ACF0CD-5681-47A4-90A7-F357A6F0F6AD}.Release|Any CPU.Build.0 = Release|Any CPU
	EndGlobalSection
EndGlobal
